
Microsoft Visual Studio Solution File, Format Version 12.00
# Visual Studio Version 17
VisualStudioVersion = 17.8.34322.80
MinimumVisualStudioVersion = 10.0.40219.1
Project("{FAE04EC0-301F-11D3-BF4B-00C04F79EFBC}") = "sistema_empleados", "sistema_empleados\sistema_empleados.csproj", "{C491B403-AB3E-4744-B2F7-D00325D4F20C}"
EndProject
Global
	GlobalSection(SolutionConfigurationPlatforms) = preSolution
		Debug|Any CPU = Debug|Any CPU
		Release|Any CPU = Release|Any CPU
	EndGlobalSection
	GlobalSection(ProjectConfigurationPlatforms) = postSolution
		{C491B403-AB3E-4744-B2F7-D00325D4F20C}.Debug|Any CPU.ActiveCfg = Debug|Any CPU
		{C491B403-AB3E-4744-B2F7-D00325D4F20C}.Debug|Any CPU.Build.0 = Debug|Any CPU
		{C491B403-AB3E-4744-B2F7-D00325D4F20C}.Release|Any CPU.ActiveCfg = Release|Any CPU
		{C491B403-AB3E-4744-B2F7-D00325D4F20C}.Release|Any CPU.Build.0 = Release|Any CPU
	EndGlobalSection
	GlobalSection(SolutionProperties) = preSolution
		HideSolutionNode = FALSE
	EndGlobalSection
	GlobalSection(ExtensibilityGlobals) = postSolution
		SolutionGuid = {1D332AF8-15E6-4B0C-82BA-36496C6268A6}
	EndGlobalSection
EndGlobal
